
Microsoft Visual Studio Solution File, Format Version 12.00
# Visual Studio Version 17
VisualStudioVersion = 17.0.32014.148
MinimumVisualStudioVersion = 10.0.40219.1
Project("{2150E333-8FDC-42A3-9474-1A3956D46DE8}") = "Laba_1", "Laba_1", "{6587B9A2-8135-4932-8ADC-0BD8C26C05BB}"
EndProject
Project("{8BC9CEB8-8B4A-11D0-8D11-00A0C91BC942}") = "Laba_1_Stack", "Laba_1_Stack\Laba_1_Stack.vcxproj", "{99CB34E5-F46B-4E68-90F2-EA0132E01F8E}"
EndProject
Project("{2150E333-8FDC-42A3-9474-1A3956D46DE8}") = "Laba_2", "Laba_2", "{B569580D-99FF-41F3-8270-2355E1A30F99}"
EndProject
Project("{8BC9CEB8-8B4A-11D0-8D11-00A0C91BC942}") = "Laba_1_2_5_Static_Queue", "Laba_1_2_5_Static_Queue\Laba_1_2_5_Static_Queue.vcxproj", "{C2EAF1A1-DCF4-47CD-9156-8B8846C30805}"
EndProject
Project("{2150E333-8FDC-42A3-9474-1A3956D46DE8}") = "Laba_3", "Laba_3", "{9DA7B4D3-D973-45FF-86A6-C46C57170D1C}"
EndProject
Project("{8BC9CEB8-8B4A-11D0-8D11-00A0C91BC942}") = "Laba_1_2_7_Dinamic_Queue", "Laba_1_2_7_Dinamic_Queue\Laba_1_2_7_Dinamic_Queue.vcxproj", "{6BCD1EAC-DDFB-4743-90A2-905D2B12C9E7}"
EndProject
Project("{2150E333-8FDC-42A3-9474-1A3956D46DE8}") = "Laba_4", "Laba_4", "{83A03544-8CE2-493F-87AD-53D1C5428EE5}"
EndProject
Project("{8BC9CEB8-8B4A-11D0-8D11-00A0C91BC942}") = "Laba_1_3_2_Static_List", "Laba_1_3_2_Static_List\Laba_1_3_2_Static_List.vcxproj", "{A4EFFFF6-0D77-4FB3-BD0E-9D56B8C7DC9A}"
EndProject
Project("{2150E333-8FDC-42A3-9474-1A3956D46DE8}") = "Laba_5", "Laba_5", "{B53D8235-9412-4076-ACED-D6782EDD8D94}"
EndProject
Project("{8BC9CEB8-8B4A-11D0-8D11-00A0C91BC942}") = "Laba_1_3_3_Static_List", "Laba_1_3_3_Static_List\Laba_1_3_3_Static_List.vcxproj", "{0089030E-044C-40DB-B019-33529B831251}"
EndProject
Project("{2150E333-8FDC-42A3-9474-1A3956D46DE8}") = "Laba_6", "Laba_6", "{AC8EC2D1-A3C9-43C3-8E63-4730634A5F83}"
EndProject
Project("{8BC9CEB8-8B4A-11D0-8D11-00A0C91BC942}") = "Laba_1_3_5_Dinamic_List", "Laba_1_3_5_Dinamic_List\Laba_1_3_5_Dinamic_List.vcxproj", "{0FFED844-6C6D-48AE-B8EC-2B1C211BD857}"
EndProject
Project("{2150E333-8FDC-42A3-9474-1A3956D46DE8}") = "Laba_7", "Laba_7", "{33CD5463-63F3-4807-85BA-42F4B69E267B}"
EndProject
Project("{8BC9CEB8-8B4A-11D0-8D11-00A0C91BC942}") = "Laba_1_4_1_List", "Laba_1_4_1_List\Laba_1_4_1_List.vcxproj", "{9F13F268-080B-4D4B-AAE6-48EF1709A1CC}"
EndProject
Project("{2150E333-8FDC-42A3-9474-1A3956D46DE8}") = "Laba_8", "Laba_8", "{24A94171-2481-420D-B6CD-D6DCAD245109}"
EndProject
Project("{8BC9CEB8-8B4A-11D0-8D11-00A0C91BC942}") = "Laba_1_4_3_List_Lists", "Laba_1_4_3_List_Lists\Laba_1_4_3_List_Lists.vcxproj", "{83B7380F-46AC-48DE-91C3-F2F4BE97809D}"
EndProject
Project("{2150E333-8FDC-42A3-9474-1A3956D46DE8}") = "Laba_9", "Laba_9", "{3C985C5A-B809-41D5-A616-0445D4558C0D}"
EndProject
Project("{8BC9CEB8-8B4A-11D0-8D11-00A0C91BC942}") = "Laba_1_5_1_Ideal_Binary_Tree", "Laba_1_5_1_Ideal_Binary_Tree\Laba_1_5_1_Ideal_Binary_Tree.vcxproj", "{65A2AB13-A209-4BC0-871A-245D386E0F72}"
EndProject
Project("{2150E333-8FDC-42A3-9474-1A3956D46DE8}") = "Labaa_10", "Labaa_10", "{B7D7C7FF-D68D-40D6-9345-DB0E835E82E2}"
EndProject
Project("{8BC9CEB8-8B4A-11D0-8D11-00A0C91BC942}") = "Laba_1_5_2_Binary_Tree_And_Stack", "Laba_1_5_2_Binary_Tree_And_Stack\Laba_1_5_2_Binary_Tree_And_Stack.vcxproj", "{25398AB0-8F06-4020-914B-740E77DEE169}"
EndProject
Project("{2150E333-8FDC-42A3-9474-1A3956D46DE8}") = "Labaa_11", "Labaa_11", "{09E2E9E0-8383-4ACA-8979-AEBBD0C62D5B}"
EndProject
Project("{8BC9CEB8-8B4A-11D0-8D11-00A0C91BC942}") = "Laba_1_5_3_Arbitrary_Binary_Tree", "Laba_1_5_3_Arbitrary_Binary_Tree\Laba_1_5_3_Arbitrary_Binary_Tree.vcxproj", "{3053CA61-433E-41A9-9CE0-8DE288A54BCE}"
EndProject
Project("{2150E333-8FDC-42A3-9474-1A3956D46DE8}") = "Labaa_12", "Labaa_12", "{C63FC0D6-860F-4283-9768-19E59ED42D58}"
EndProject
Project("{8BC9CEB8-8B4A-11D0-8D11-00A0C91BC942}") = "Laba_1_6_1_Search_Trees", "Laba_1_6_1_Search_Trees\Laba_1_6_1_Search_Trees.vcxproj", "{EED09B7D-A758-43A9-BFA2-86733868C727}"
EndProject
Project("{2150E333-8FDC-42A3-9474-1A3956D46DE8}") = "Labaa_13", "Labaa_13", "{CB6D261E-F066-469A-9128-0125B32E7C7D}"
EndProject
Project("{9A19103F-16F7-4668-BE54-9A1E7A4F7556}") = "Laba_2_1_full", "Laba_2_1_full\Laba_2_1_full.csproj", "{CC55AB37-A480-4E14-960C-20E183402475}"
EndProject
Project("{2150E333-8FDC-42A3-9474-1A3956D46DE8}") = "Labaa_14", "Labaa_14", "{074744A7-F9D8-47BA-B3D6-2041F9BFD34D}"
EndProject
Project("{9A19103F-16F7-4668-BE54-9A1E7A4F7556}") = "Laba_2_2_full", "Laba_2_2_full\Laba_2_2_full.csproj", "{F1A5C13B-6966-4882-B02C-E2C907702737}"
EndProject
Project("{2150E333-8FDC-42A3-9474-1A3956D46DE8}") = "Labaaa_15", "Labaaa_15", "{9C87CA0D-B21E-400A-BE13-628EA6579931}"
EndProject
Project("{8BC9CEB8-8B4A-11D0-8D11-00A0C91BC942}") = "Sort", "Sort\Sort.vcxproj", "{47FD99D8-5D69-4754-827B-79D4EBC42EB2}"
EndProject
Project("{2150E333-8FDC-42A3-9474-1A3956D46DE8}") = "Labaaa_16", "Labaaa_16", "{3DA4C466-C832-47B0-9467-84245065DCA2}"
EndProject
Project("{9A19103F-16F7-4668-BE54-9A1E7A4F7556}") = "SimpleHashTable", "SimpleHashTable\SimpleHashTable.csproj", "{2D004843-B511-4C35-A0FC-7FCA6E052E6F}"
EndProject
Project("{2150E333-8FDC-42A3-9474-1A3956D46DE8}") = "Labaaa_17", "Labaaa_17", "{3516B765-45C6-4F8A-B958-A46FF3643B98}"
EndProject
Project("{FAE04EC0-301F-11D3-BF4B-00C04F79EFBC}") = "HashTable_Inner", "HashTable_Inner\HashTable_Inner.csproj", "{A9911CBD-13A2-4B82-ABE3-CE7BDECF6E9B}"
EndProject
Global
	GlobalSection(SolutionConfigurationPlatforms) = preSolution
		Debug|Any CPU = Debug|Any CPU
		Debug|x64 = Debug|x64
		Debug|x86 = Debug|x86
		Release|Any CPU = Release|Any CPU
		Release|x64 = Release|x64
		Release|x86 = Release|x86
	EndGlobalSection
	GlobalSection(ProjectConfigurationPlatforms) = postSolution
		{99CB34E5-F46B-4E68-90F2-EA0132E01F8E}.Debug|Any CPU.ActiveCfg = Debug|x64
		{99CB34E5-F46B-4E68-90F2-EA0132E01F8E}.Debug|Any CPU.Build.0 = Debug|x64
		{99CB34E5-F46B-4E68-90F2-EA0132E01F8E}.Debug|x64.ActiveCfg = Debug|x64
		{99CB34E5-F46B-4E68-90F2-EA0132E01F8E}.Debug|x64.Build.0 = Debug|x64
		{99CB34E5-F46B-4E68-90F2-EA0132E01F8E}.Debug|x86.ActiveCfg = Debug|Win32
		{99CB34E5-F46B-4E68-90F2-EA0132E01F8E}.Debug|x86.Build.0 = Debug|Win32
		{99CB34E5-F46B-4E68-90F2-EA0132E01F8E}.Release|Any CPU.ActiveCfg = Release|x64
		{99CB34E5-F46B-4E68-90F2-EA0132E01F8E}.Release|Any CPU.Build.0 = Release|x64
		{99CB34E5-F46B-4E68-90F2-EA0132E01F8E}.Release|x64.ActiveCfg = Release|x64
		{99CB34E5-F46B-4E68-90F2-EA0132E01F8E}.Release|x64.Build.0 = Release|x64
		{99CB34E5-F46B-4E68-90F2-EA0132E01F8E}.Release|x86.ActiveCfg = Release|Win32
		{99CB34E5-F46B-4E68-90F2-EA0132E01F8E}.Release|x86.Build.0 = Release|Win32
		{C2EAF1A1-DCF4-47CD-9156-8B8846C30805}.Debug|Any CPU.ActiveCfg = Debug|x64
		{C2EAF1A1-DCF4-47CD-9156-8B8846C30805}.Debug|Any CPU.Build.0 = Debug|x64
		{C2EAF1A1-DCF4-47CD-9156-8B8846C30805}.Debug|x64.ActiveCfg = Debug|x64
		{C2EAF1A1-DCF4-47CD-9156-8B8846C30805}.Debug|x64.Build.0 = Debug|x64
		{C2EAF1A1-DCF4-47CD-9156-8B8846C30805}.Debug|x86.ActiveCfg = Debug|Win32
		{C2EAF1A1-DCF4-47CD-9156-8B8846C30805}.Debug|x86.Build.0 = Debug|Win32
		{C2EAF1A1-DCF4-47CD-9156-8B8846C30805}.Release|Any CPU.ActiveCfg = Release|x64
		{C2EAF1A1-DCF4-47CD-9156-8B8846C30805}.Release|Any CPU.Build.0 = Release|x64
		{C2EAF1A1-DCF4-47CD-9156-8B8846C30805}.Release|x64.ActiveCfg = Release|x64
		{C2EAF1A1-DCF4-47CD-9156-8B8846C30805}.Release|x64.Build.0 = Release|x64
		{C2EAF1A1-DCF4-47CD-9156-8B8846C30805}.Release|x86.ActiveCfg = Release|Win32
		{C2EAF1A1-DCF4-47CD-9156-8B8846C30805}.Release|x86.Build.0 = Release|Win32
		{6BCD1EAC-DDFB-4743-90A2-905D2B12C9E7}.Debug|Any CPU.ActiveCfg = Debug|x64
		{6BCD1EAC-DDFB-4743-90A2-905D2B12C9E7}.Debug|Any CPU.Build.0 = Debug|x64
		{6BCD1EAC-DDFB-4743-90A2-905D2B12C9E7}.Debug|x64.ActiveCfg = Debug|x64
		{6BCD1EAC-DDFB-4743-90A2-905D2B12C9E7}.Debug|x64.Build.0 = Debug|x64
		{6BCD1EAC-DDFB-4743-90A2-905D2B12C9E7}.Debug|x86.ActiveCfg = Debug|Win32
		{6BCD1EAC-DDFB-4743-90A2-905D2B12C9E7}.Debug|x86.Build.0 = Debug|Win32
		{6BCD1EAC-DDFB-4743-90A2-905D2B12C9E7}.Release|Any CPU.ActiveCfg = Release|x64
		{6BCD1EAC-DDFB-4743-90A2-905D2B12C9E7}.Release|Any CPU.Build.0 = Release|x64
		{6BCD1EAC-DDFB-4743-90A2-905D2B12C9E7}.Release|x64.ActiveCfg = Release|x64
		{6BCD1EAC-DDFB-4743-90A2-905D2B12C9E7}.Release|x64.Build.0 = Release|x64
		{6BCD1EAC-DDFB-4743-90A2-905D2B12C9E7}.Release|x86.ActiveCfg = Release|Win32
		{6BCD1EAC-DDFB-4743-90A2-905D2B12C9E7}.Release|x86.Build.0 = Release|Win32
		{A4EFFFF6-0D77-4FB3-BD0E-9D56B8C7DC9A}.Debug|Any CPU.ActiveCfg = Debug|x64
		{A4EFFFF6-0D77-4FB3-BD0E-9D56B8C7DC9A}.Debug|Any CPU.Build.0 = Debug|x64
		{A4EFFFF6-0D77-4FB3-BD0E-9D56B8C7DC9A}.Debug|x64.ActiveCfg = Debug|x64
		{A4EFFFF6-0D77-4FB3-BD0E-9D56B8C7DC9A}.Debug|x64.Build.0 = Debug|x64
		{A4EFFFF6-0D77-4FB3-BD0E-9D56B8C7DC9A}.Debug|x86.ActiveCfg = Debug|Win32
		{A4EFFFF6-0D77-4FB3-BD0E-9D56B8C7DC9A}.Debug|x86.Build.0 = Debug|Win32
		{A4EFFFF6-0D77-4FB3-BD0E-9D56B8C7DC9A}.Release|Any CPU.ActiveCfg = Release|x64
		{A4EFFFF6-0D77-4FB3-BD0E-9D56B8C7DC9A}.Release|Any CPU.Build.0 = Release|x64
		{A4EFFFF6-0D77-4FB3-BD0E-9D56B8C7DC9A}.Release|x64.ActiveCfg = Release|x64
		{A4EFFFF6-0D77-4FB3-BD0E-9D56B8C7DC9A}.Release|x64.Build.0 = Release|x64
		{A4EFFFF6-0D77-4FB3-BD0E-9D56B8C7DC9A}.Release|x86.ActiveCfg = Release|Win32
		{A4EFFFF6-0D77-4FB3-BD0E-9D56B8C7DC9A}.Release|x86.Build.0 = Release|Win32
		{0089030E-044C-40DB-B019-33529B831251}.Debug|Any CPU.ActiveCfg = Debug|x64
		{0089030E-044C-40DB-B019-33529B831251}.Debug|Any CPU.Build.0 = Debug|x64
		{0089030E-044C-40DB-B019-33529B831251}.Debug|x64.ActiveCfg = Debug|x64
		{0089030E-044C-40DB-B019-33529B831251}.Debug|x64.Build.0 = Debug|x64
		{0089030E-044C-40DB-B019-33529B831251}.Debug|x86.ActiveCfg = Debug|Win32
		{0089030E-044C-40DB-B019-33529B831251}.Debug|x86.Build.0 = Debug|Win32
		{0089030E-044C-40DB-B019-33529B831251}.Release|Any CPU.ActiveCfg = Release|x64
		{0089030E-044C-40DB-B019-33529B831251}.Release|Any CPU.Build.0 = Release|x64
		{0089030E-044C-40DB-B019-33529B831251}.Release|x64.ActiveCfg = Release|x64
		{0089030E-044C-40DB-B019-33529B831251}.Release|x64.Build.0 = Release|x64
		{0089030E-044C-40DB-B019-33529B831251}.Release|x86.ActiveCfg = Release|Win32
		{0089030E-044C-40DB-B019-33529B831251}.Release|x86.Build.0 = Release|Win32
		{0FFED844-6C6D-48AE-B8EC-2B1C211BD857}.Debug|Any CPU.ActiveCfg = Debug|x64
		{0FFED844-6C6D-48AE-B8EC-2B1C211BD857}.Debug|Any CPU.Build.0 = Debug|x64
		{0FFED844-6C6D-48AE-B8EC-2B1C211BD857}.Debug|x64.ActiveCfg = Debug|x64
		{0FFED844-6C6D-48AE-B8EC-2B1C211BD857}.Debug|x64.Build.0 = Debug|x64
		{0FFED844-6C6D-48AE-B8EC-2B1C211BD857}.Debug|x86.ActiveCfg = Debug|Win32
		{0FFED844-6C6D-48AE-B8EC-2B1C211BD857}.Debug|x86.Build.0 = Debug|Win32
		{0FFED844-6C6D-48AE-B8EC-2B1C211BD857}.Release|Any CPU.ActiveCfg = Release|x64
		{0FFED844-6C6D-48AE-B8EC-2B1C211BD857}.Release|Any CPU.Build.0 = Release|x64
		{0FFED844-6C6D-48AE-B8EC-2B1C211BD857}.Release|x64.ActiveCfg = Release|x64
		{0FFED844-6C6D-48AE-B8EC-2B1C211BD857}.Release|x64.Build.0 = Release|x64
		{0FFED844-6C6D-48AE-B8EC-2B1C211BD857}.Release|x86.ActiveCfg = Release|Win32
		{0FFED844-6C6D-48AE-B8EC-2B1C211BD857}.Release|x86.Build.0 = Release|Win32
		{9F13F268-080B-4D4B-AAE6-48EF1709A1CC}.Debug|Any CPU.ActiveCfg = Debug|x64
		{9F13F268-080B-4D4B-AAE6-48EF1709A1CC}.Debug|Any CPU.Build.0 = Debug|x64
		{9F13F268-080B-4D4B-AAE6-48EF1709A1CC}.Debug|x64.ActiveCfg = Debug|x64
		{9F13F268-080B-4D4B-AAE6-48EF1709A1CC}.Debug|x64.Build.0 = Debug|x64
		{9F13F268-080B-4D4B-AAE6-48EF1709A1CC}.Debug|x86.ActiveCfg = Debug|Win32
		{9F13F268-080B-4D4B-AAE6-48EF1709A1CC}.Debug|x86.Build.0 = Debug|Win32
		{9F13F268-080B-4D4B-AAE6-48EF1709A1CC}.Release|Any CPU.ActiveCfg = Release|x64
		{9F13F268-080B-4D4B-AAE6-48EF1709A1CC}.Release|Any CPU.Build.0 = Release|x64
		{9F13F268-080B-4D4B-AAE6-48EF1709A1CC}.Release|x64.ActiveCfg = Release|x64
		{9F13F268-080B-4D4B-AAE6-48EF1709A1CC}.Release|x64.Build.0 = Release|x64
		{9F13F268-080B-4D4B-AAE6-48EF1709A1CC}.Release|x86.ActiveCfg = Release|Win32
		{9F13F268-080B-4D4B-AAE6-48EF1709A1CC}.Release|x86.Build.0 = Release|Win32
		{83B7380F-46AC-48DE-91C3-F2F4BE97809D}.Debug|Any CPU.ActiveCfg = Debug|x64
		{83B7380F-46AC-48DE-91C3-F2F4BE97809D}.Debug|Any CPU.Build.0 = Debug|x64
		{83B7380F-46AC-48DE-91C3-F2F4BE97809D}.Debug|x64.ActiveCfg = Debug|x64
		{83B7380F-46AC-48DE-91C3-F2F4BE97809D}.Debug|x64.Build.0 = Debug|x64
		{83B7380F-46AC-48DE-91C3-F2F4BE97809D}.Debug|x86.ActiveCfg = Debug|Win32
		{83B7380F-46AC-48DE-91C3-F2F4BE97809D}.Debug|x86.Build.0 = Debug|Win32
		{83B7380F-46AC-48DE-91C3-F2F4BE97809D}.Release|Any CPU.ActiveCfg = Release|x64
		{83B7380F-46AC-48DE-91C3-F2F4BE97809D}.Release|Any CPU.Build.0 = Release|x64
		{83B7380F-46AC-48DE-91C3-F2F4BE97809D}.Release|x64.ActiveCfg = Release|x64
		{83B7380F-46AC-48DE-91C3-F2F4BE97809D}.Release|x64.Build.0 = Release|x64
		{83B7380F-46AC-48DE-91C3-F2F4BE97809D}.Release|x86.ActiveCfg = Release|Win32
		{83B7380F-46AC-48DE-91C3-F2F4BE97809D}.Release|x86.Build.0 = Release|Win32
		{65A2AB13-A209-4BC0-871A-245D386E0F72}.Debug|Any CPU.ActiveCfg = Debug|x64
		{65A2AB13-A209-4BC0-871A-245D386E0F72}.Debug|Any CPU.Build.0 = Debug|x64
		{65A2AB13-A209-4BC0-871A-245D386E0F72}.Debug|x64.ActiveCfg = Debug|x64
		{65A2AB13-A209-4BC0-871A-245D386E0F72}.Debug|x64.Build.0 = Debug|x64
		{65A2AB13-A209-4BC0-871A-245D386E0F72}.Debug|x86.ActiveCfg = Debug|Win32
		{65A2AB13-A209-4BC0-871A-245D386E0F72}.Debug|x86.Build.0 = Debug|Win32
		{65A2AB13-A209-4BC0-871A-245D386E0F72}.Release|Any CPU.ActiveCfg = Release|x64
		{65A2AB13-A209-4BC0-871A-245D386E0F72}.Release|Any CPU.Build.0 = Release|x64
		{65A2AB13-A209-4BC0-871A-245D386E0F72}.Release|x64.ActiveCfg = Release|x64
		{65A2AB13-A209-4BC0-871A-245D386E0F72}.Release|x64.Build.0 = Release|x64
		{65A2AB13-A209-4BC0-871A-245D386E0F72}.Release|x86.ActiveCfg = Release|Win32
		{65A2AB13-A209-4BC0-871A-245D386E0F72}.Release|x86.Build.0 = Release|Win32
		{25398AB0-8F06-4020-914B-740E77DEE169}.Debug|Any CPU.ActiveCfg = Debug|x64
		{25398AB0-8F06-4020-914B-740E77DEE169}.Debug|Any CPU.Build.0 = Debug|x64
		{25398AB0-8F06-4020-914B-740E77DEE169}.Debug|x64.ActiveCfg = Debug|x64
		{25398AB0-8F06-4020-914B-740E77DEE169}.Debug|x64.Build.0 = Debug|x64
		{25398AB0-8F06-4020-914B-740E77DEE169}.Debug|x86.ActiveCfg = Debug|Win32
		{25398AB0-8F06-4020-914B-740E77DEE169}.Debug|x86.Build.0 = Debug|Win32
		{25398AB0-8F06-4020-914B-740E77DEE169}.Release|Any CPU.ActiveCfg = Release|x64
		{25398AB0-8F06-4020-914B-740E77DEE169}.Release|Any CPU.Build.0 = Release|x64
		{25398AB0-8F06-4020-914B-740E77DEE169}.Release|x64.ActiveCfg = Release|x64
		{25398AB0-8F06-4020-914B-740E77DEE169}.Release|x64.Build.0 = Release|x64
		{25398AB0-8F06-4020-914B-740E77DEE169}.Release|x86.ActiveCfg = Release|Win32
		{25398AB0-8F06-4020-914B-740E77DEE169}.Release|x86.Build.0 = Release|Win32
		{3053CA61-433E-41A9-9CE0-8DE288A54BCE}.Debug|Any CPU.ActiveCfg = Debug|x64
		{3053CA61-433E-41A9-9CE0-8DE288A54BCE}.Debug|Any CPU.Build.0 = Debug|x64
		{3053CA61-433E-41A9-9CE0-8DE288A54BCE}.Debug|x64.ActiveCfg = Debug|x64
		{3053CA61-433E-41A9-9CE0-8DE288A54BCE}.Debug|x64.Build.0 = Debug|x64
		{3053CA61-433E-41A9-9CE0-8DE288A54BCE}.Debug|x86.ActiveCfg = Debug|Win32
		{3053CA61-433E-41A9-9CE0-8DE288A54BCE}.Debug|x86.Build.0 = Debug|Win32
		{3053CA61-433E-41A9-9CE0-8DE288A54BCE}.Release|Any CPU.ActiveCfg = Release|x64
		{3053CA61-433E-41A9-9CE0-8DE288A54BCE}.Release|Any CPU.Build.0 = Release|x64
		{3053CA61-433E-41A9-9CE0-8DE288A54BCE}.Release|x64.ActiveCfg = Release|x64
		{3053CA61-433E-41A9-9CE0-8DE288A54BCE}.Release|x64.Build.0 = Release|x64
		{3053CA61-433E-41A9-9CE0-8DE288A54BCE}.Release|x86.ActiveCfg = Release|Win32
		{3053CA61-433E-41A9-9CE0-8DE288A54BCE}.Release|x86.Build.0 = Release|Win32
		{EED09B7D-A758-43A9-BFA2-86733868C727}.Debug|Any CPU.ActiveCfg = Debug|x64
		{EED09B7D-A758-43A9-BFA2-86733868C727}.Debug|Any CPU.Build.0 = Debug|x64
		{EED09B7D-A758-43A9-BFA2-86733868C727}.Debug|x64.ActiveCfg = Debug|x64
		{EED09B7D-A758-43A9-BFA2-86733868C727}.Debug|x64.Build.0 = Debug|x64
		{EED09B7D-A758-43A9-BFA2-86733868C727}.Debug|x86.ActiveCfg = Debug|Win32
		{EED09B7D-A758-43A9-BFA2-86733868C727}.Debug|x86.Build.0 = Debug|Win32
		{EED09B7D-A758-43A9-BFA2-86733868C727}.Release|Any CPU.ActiveCfg = Release|x64
		{EED09B7D-A758-43A9-BFA2-86733868C727}.Release|Any CPU.Build.0 = Release|x64
		{EED09B7D-A758-43A9-BFA2-86733868C727}.Release|x64.ActiveCfg = Release|x64
		{EED09B7D-A758-43A9-BFA2-86733868C727}.Release|x64.Build.0 = Release|x64
		{EED09B7D-A758-43A9-BFA2-86733868C727}.Release|x86.ActiveCfg = Release|Win32
		{EED09B7D-A758-43A9-BFA2-86733868C727}.Release|x86.Build.0 = Release|Win32
		{CC55AB37-A480-4E14-960C-20E183402475}.Debug|Any CPU.ActiveCfg = Debug|Any CPU
		{CC55AB37-A480-4E14-960C-20E183402475}.Debug|Any CPU.Build.0 = Debug|Any CPU
		{CC55AB37-A480-4E14-960C-20E183402475}.Debug|x64.ActiveCfg = Debug|Any CPU
		{CC55AB37-A480-4E14-960C-20E183402475}.Debug|x64.Build.0 = Debug|Any CPU
		{CC55AB37-A480-4E14-960C-20E183402475}.Debug|x86.ActiveCfg = Debug|Any CPU
		{CC55AB37-A480-4E14-960C-20E183402475}.Debug|x86.Build.0 = Debug|Any CPU
		{CC55AB37-A480-4E14-960C-20E183402475}.Release|Any CPU.ActiveCfg = Release|Any CPU
		{CC55AB37-A480-4E14-960C-20E183402475}.Release|Any CPU.Build.0 = Release|Any CPU
		{CC55AB37-A480-4E14-960C-20E183402475}.Release|x64.ActiveCfg = Release|Any CPU
		{CC55AB37-A480-4E14-960C-20E183402475}.Release|x64.Build.0 = Release|Any CPU
		{CC55AB37-A480-4E14-960C-20E183402475}.Release|x86.ActiveCfg = Release|Any CPU
		{CC55AB37-A480-4E14-960C-20E183402475}.Release|x86.Build.0 = Release|Any CPU
		{F1A5C13B-6966-4882-B02C-E2C907702737}.Debug|Any CPU.ActiveCfg = Debug|Any CPU
		{F1A5C13B-6966-4882-B02C-E2C907702737}.Debug|Any CPU.Build.0 = Debug|Any CPU
		{F1A5C13B-6966-4882-B02C-E2C907702737}.Debug|x64.ActiveCfg = Debug|Any CPU
		{F1A5C13B-6966-4882-B02C-E2C907702737}.Debug|x64.Build.0 = Debug|Any CPU
		{F1A5C13B-6966-4882-B02C-E2C907702737}.Debug|x86.ActiveCfg = Debug|Any CPU
		{F1A5C13B-6966-4882-B02C-E2C907702737}.Debug|x86.Build.0 = Debug|Any CPU
		{F1A5C13B-6966-4882-B02C-E2C907702737}.Release|Any CPU.ActiveCfg = Release|Any CPU
		{F1A5C13B-6966-4882-B02C-E2C907702737}.Release|Any CPU.Build.0 = Release|Any CPU
		{F1A5C13B-6966-4882-B02C-E2C907702737}.Release|x64.ActiveCfg = Release|Any CPU
		{F1A5C13B-6966-4882-B02C-E2C907702737}.Release|x64.Build.0 = Release|Any CPU
		{F1A5C13B-6966-4882-B02C-E2C907702737}.Release|x86.ActiveCfg = Release|Any CPU
		{F1A5C13B-6966-4882-B02C-E2C907702737}.Release|x86.Build.0 = Release|Any CPU
		{47FD99D8-5D69-4754-827B-79D4EBC42EB2}.Debug|Any CPU.ActiveCfg = Debug|x64
		{47FD99D8-5D69-4754-827B-79D4EBC42EB2}.Debug|Any CPU.Build.0 = Debug|x64
		{47FD99D8-5D69-4754-827B-79D4EBC42EB2}.Debug|x64.ActiveCfg = Debug|x64
		{47FD99D8-5D69-4754-827B-79D4EBC42EB2}.Debug|x64.Build.0 = Debug|x64
		{47FD99D8-5D69-4754-827B-79D4EBC42EB2}.Debug|x86.ActiveCfg = Debug|Win32
		{47FD99D8-5D69-4754-827B-79D4EBC42EB2}.Debug|x86.Build.0 = Debug|Win32
		{47FD99D8-5D69-4754-827B-79D4EBC42EB2}.Release|Any CPU.ActiveCfg = Release|x64
		{47FD99D8-5D69-4754-827B-79D4EBC42EB2}.Release|Any CPU.Build.0 = Release|x64
		{47FD99D8-5D69-4754-827B-79D4EBC42EB2}.Release|x64.ActiveCfg = Release|x64
		{47FD99D8-5D69-4754-827B-79D4EBC42EB2}.Release|x64.Build.0 = Release|x64
		{47FD99D8-5D69-4754-827B-79D4EBC42EB2}.Release|x86.ActiveCfg = Release|Win32
		{47FD99D8-5D69-4754-827B-79D4EBC42EB2}.Release|x86.Build.0 = Release|Win32
		{2D004843-B511-4C35-A0FC-7FCA6E052E6F}.Debug|Any CPU.ActiveCfg = Debug|Any CPU
		{2D004843-B511-4C35-A0FC-7FCA6E052E6F}.Debug|Any CPU.Build.0 = Debug|Any CPU
		{2D004843-B511-4C35-A0FC-7FCA6E052E6F}.Debug|x64.ActiveCfg = Debug|Any CPU
		{2D004843-B511-4C35-A0FC-7FCA6E052E6F}.Debug|x64.Build.0 = Debug|Any CPU
		{2D004843-B511-4C35-A0FC-7FCA6E052E6F}.Debug|x86.ActiveCfg = Debug|Any CPU
		{2D004843-B511-4C35-A0FC-7FCA6E052E6F}.Debug|x86.Build.0 = Debug|Any CPU
		{2D004843-B511-4C35-A0FC-7FCA6E052E6F}.Release|Any CPU.ActiveCfg = Release|Any CPU
		{2D004843-B511-4C35-A0FC-7FCA6E052E6F}.Release|Any CPU.Build.0 = Release|Any CPU
		{2D004843-B511-4C35-A0FC-7FCA6E052E6F}.Release|x64.ActiveCfg = Release|Any CPU
		{2D004843-B511-4C35-A0FC-7FCA6E052E6F}.Release|x64.Build.0 = Release|Any CPU
		{2D004843-B511-4C35-A0FC-7FCA6E052E6F}.Release|x86.ActiveCfg = Release|Any CPU
		{2D004843-B511-4C35-A0FC-7FCA6E052E6F}.Release|x86.Build.0 = Release|Any CPU
		{A9911CBD-13A2-4B82-ABE3-CE7BDECF6E9B}.Debug|Any CPU.ActiveCfg = Debug|Any CPU
		{A9911CBD-13A2-4B82-ABE3-CE7BDECF6E9B}.Debug|Any CPU.Build.0 = Debug|Any CPU
		{A9911CBD-13A2-4B82-ABE3-CE7BDECF6E9B}.Debug|x64.ActiveCfg = Debug|Any CPU
		{A9911CBD-13A2-4B82-ABE3-CE7BDECF6E9B}.Debug|x64.Build.0 = Debug|Any CPU
		{A9911CBD-13A2-4B82-ABE3-CE7BDECF6E9B}.Debug|x86.ActiveCfg = Debug|Any CPU
		{A9911CBD-13A2-4B82-ABE3-CE7BDECF6E9B}.Debug|x86.Build.0 = Debug|Any CPU
		{A9911CBD-13A2-4B82-ABE3-CE7BDECF6E9B}.Release|Any CPU.ActiveCfg = Release|Any CPU
		{A9911CBD-13A2-4B82-ABE3-CE7BDECF6E9B}.Release|Any CPU.Build.0 = Release|Any CPU
		{A9911CBD-13A2-4B82-ABE3-CE7BDECF6E9B}.Release|x64.ActiveCfg = Release|Any CPU
		{A9911CBD-13A2-4B82-ABE3-CE7BDECF6E9B}.Release|x64.Build.0 = Release|Any CPU
		{A9911CBD-13A2-4B82-ABE3-CE7BDECF6E9B}.Release|x86.ActiveCfg = Release|Any CPU
		{A9911CBD-13A2-4B82-ABE3-CE7BDECF6E9B}.Release|x86.Build.0 = Release|Any CPU
	EndGlobalSection
	GlobalSection(SolutionProperties) = preSolution
		HideSolutionNode = FALSE
	EndGlobalSection
	GlobalSection(NestedProjects) = preSolution
		{99CB34E5-F46B-4E68-90F2-EA0132E01F8E} = {6587B9A2-8135-4932-8ADC-0BD8C26C05BB}
		{C2EAF1A1-DCF4-47CD-9156-8B8846C30805} = {B569580D-99FF-41F3-8270-2355E1A30F99}
		{6BCD1EAC-DDFB-4743-90A2-905D2B12C9E7} = {9DA7B4D3-D973-45FF-86A6-C46C57170D1C}
		{A4EFFFF6-0D77-4FB3-BD0E-9D56B8C7DC9A} = {83A03544-8CE2-493F-87AD-53D1C5428EE5}
		{0089030E-044C-40DB-B019-33529B831251} = {B53D8235-9412-4076-ACED-D6782EDD8D94}
		{0FFED844-6C6D-48AE-B8EC-2B1C211BD857} = {AC8EC2D1-A3C9-43C3-8E63-4730634A5F83}
		{9F13F268-080B-4D4B-AAE6-48EF1709A1CC} = {33CD5463-63F3-4807-85BA-42F4B69E267B}
		{83B7380F-46AC-48DE-91C3-F2F4BE97809D} = {24A94171-2481-420D-B6CD-D6DCAD245109}
		{65A2AB13-A209-4BC0-871A-245D386E0F72} = {3C985C5A-B809-41D5-A616-0445D4558C0D}
		{25398AB0-8F06-4020-914B-740E77DEE169} = {B7D7C7FF-D68D-40D6-9345-DB0E835E82E2}
		{3053CA61-433E-41A9-9CE0-8DE288A54BCE} = {09E2E9E0-8383-4ACA-8979-AEBBD0C62D5B}
		{EED09B7D-A758-43A9-BFA2-86733868C727} = {C63FC0D6-860F-4283-9768-19E59ED42D58}
		{CC55AB37-A480-4E14-960C-20E183402475} = {CB6D261E-F066-469A-9128-0125B32E7C7D}
		{F1A5C13B-6966-4882-B02C-E2C907702737} = {074744A7-F9D8-47BA-B3D6-2041F9BFD34D}
		{47FD99D8-5D69-4754-827B-79D4EBC42EB2} = {9C87CA0D-B21E-400A-BE13-628EA6579931}
		{2D004843-B511-4C35-A0FC-7FCA6E052E6F} = {3DA4C466-C832-47B0-9467-84245065DCA2}
		{A9911CBD-13A2-4B82-ABE3-CE7BDECF6E9B} = {3516B765-45C6-4F8A-B958-A46FF3643B98}
	EndGlobalSection
	GlobalSection(ExtensibilityGlobals) = postSolution
		SolutionGuid = {FC09D939-EA90-4D2B-97AD-D284BB8B5183}
	EndGlobalSection
EndGlobal
